
Microsoft Visual Studio Solution File, Format Version 12.00
# Visual Studio Version 16
VisualStudioVersion = 16.0.29418.71
MinimumVisualStudioVersion = 10.0.40219.1
Project("{FAE04EC0-301F-11D3-BF4B-00C04F79EFBC}") = "ZBSSys", "ZBSSys\ZBSSys.csproj", "{91B4BD43-D594-4C19-8310-7D4F912B46EB}"
EndProject
Global
	GlobalSection(SolutionConfigurationPlatforms) = preSolution
		Debug|Any CPU = Debug|Any CPU
		Release|Any CPU = Release|Any CPU
	EndGlobalSection
	GlobalSection(ProjectConfigurationPlatforms) = postSolution
		{91B4BD43-D594-4C19-8310-7D4F912B46EB}.Debug|Any CPU.ActiveCfg = Debug|Any CPU
		{91B4BD43-D594-4C19-8310-7D4F912B46EB}.Debug|Any CPU.Build.0 = Debug|Any CPU
		{91B4BD43-D594-4C19-8310-7D4F912B46EB}.Release|Any CPU.ActiveCfg = Release|Any CPU
		{91B4BD43-D594-4C19-8310-7D4F912B46EB}.Release|Any CPU.Build.0 = Release|Any CPU
	EndGlobalSection
	GlobalSection(SolutionProperties) = preSolution
		HideSolutionNode = FALSE
	EndGlobalSection
	GlobalSection(ExtensibilityGlobals) = postSolution
		SolutionGuid = {CF4D2574-5DEA-4154-B5F0-4A5FDB565229}
	EndGlobalSection
EndGlobal
